
Microsoft Visual Studio Solution File, Format Version 12.00
# Visual Studio 15
VisualStudioVersion = 15.0.27004.2002
MinimumVisualStudioVersion = 10.0.40219.1
Project("{FAE04EC0-301F-11D3-BF4B-00C04F79EFBC}") = "ACM.BL", "ACM.BL\ACM.BL.csproj", "{B879FF13-0679-43CC-B793-09E72CF382B1}"
EndProject
Project("{2150E333-8FDC-42A3-9474-1A3956D46DE8}") = "Test", "Test", "{D7CAE455-2864-4755-9251-AC0B6D49848F}"
EndProject
Project("{FAE04EC0-301F-11D3-BF4B-00C04F79EFBC}") = "ACM.BLTest", "ACM.BLTest\ACM.BLTest.csproj", "{29824B27-0A2E-43D7-A360-596B1150082D}"
EndProject
Global
	GlobalSection(SolutionConfigurationPlatforms) = preSolution
		Debug|Any CPU = Debug|Any CPU
		Release|Any CPU = Release|Any CPU
	EndGlobalSection
	GlobalSection(ProjectConfigurationPlatforms) = postSolution
		{B879FF13-0679-43CC-B793-09E72CF382B1}.Debug|Any CPU.ActiveCfg = Debug|Any CPU
		{B879FF13-0679-43CC-B793-09E72CF382B1}.Debug|Any CPU.Build.0 = Debug|Any CPU
		{B879FF13-0679-43CC-B793-09E72CF382B1}.Release|Any CPU.ActiveCfg = Release|Any CPU
		{B879FF13-0679-43CC-B793-09E72CF382B1}.Release|Any CPU.Build.0 = Release|Any CPU
		{29824B27-0A2E-43D7-A360-596B1150082D}.Debug|Any CPU.ActiveCfg = Debug|Any CPU
		{29824B27-0A2E-43D7-A360-596B1150082D}.Debug|Any CPU.Build.0 = Debug|Any CPU
		{29824B27-0A2E-43D7-A360-596B1150082D}.Release|Any CPU.ActiveCfg = Release|Any CPU
		{29824B27-0A2E-43D7-A360-596B1150082D}.Release|Any CPU.Build.0 = Release|Any CPU
	EndGlobalSection
	GlobalSection(SolutionProperties) = preSolution
		HideSolutionNode = FALSE
	EndGlobalSection
	GlobalSection(NestedProjects) = preSolution
		{29824B27-0A2E-43D7-A360-596B1150082D} = {D7CAE455-2864-4755-9251-AC0B6D49848F}
	EndGlobalSection
	GlobalSection(ExtensibilityGlobals) = postSolution
		SolutionGuid = {DC5E78E0-14E0-4AD2-A332-7F57E2847967}
	EndGlobalSection
EndGlobal
